
Microsoft Visual Studio Solution File, Format Version 12.00
# Visual Studio Version 16
VisualStudioVersion = 16.0.31005.135
MinimumVisualStudioVersion = 10.0.40219.1
Project("{FAE04EC0-301F-11D3-BF4B-00C04F79EFBC}") = "HappyCoding20210528", "HappyCoding20210528\HappyCoding20210528.csproj", "{FB5C0D9E-C697-46FA-BB07-999E718C163F}"
EndProject
Global
	GlobalSection(SolutionConfigurationPlatforms) = preSolution
		Debug|Any CPU = Debug|Any CPU
		Release|Any CPU = Release|Any CPU
	EndGlobalSection
	GlobalSection(ProjectConfigurationPlatforms) = postSolution
		{FB5C0D9E-C697-46FA-BB07-999E718C163F}.Debug|Any CPU.ActiveCfg = Debug|Any CPU
		{FB5C0D9E-C697-46FA-BB07-999E718C163F}.Debug|Any CPU.Build.0 = Debug|Any CPU
		{FB5C0D9E-C697-46FA-BB07-999E718C163F}.Release|Any CPU.ActiveCfg = Release|Any CPU
		{FB5C0D9E-C697-46FA-BB07-999E718C163F}.Release|Any CPU.Build.0 = Release|Any CPU
	EndGlobalSection
	GlobalSection(SolutionProperties) = preSolution
		HideSolutionNode = FALSE
	EndGlobalSection
	GlobalSection(ExtensibilityGlobals) = postSolution
		SolutionGuid = {39A7D7B0-7058-41F7-A4AA-808E7908AC68}
	EndGlobalSection
EndGlobal
